github.com/davecgh/go-spew v1.1.0/go.mod h1:J7Y8YcW2NihsgmVo/mv3lAwl/skON4iLHjSsI+c5H38=
github.com/davecgh/go-spew v1.1.1/go.mod h1:J7Y8YcW2NihsgmVo/mv3lAwl/skON4iLHjSsI+c5H38=
github.com/gen2brain/dlgs v0.0.0-20190708095831-3854608588f7 h1:qA8Mdjwrlv/r/aMqArqO0IMHUiy6ApdW4+8DtKr7PvA=
github.com/gen2brain/dlgs v0.0.0-20190708095831-3854608588f7/go.mod h1:/eFcjDXaU2THSOOqLxOPETIbHETnamk8FA/hMjhg/gU=
github.com/go-flutter-desktop/go-flutter v0.30.0 h1:tKQSB7rUOR0o9Bq5P7VpTm0KAOHxvRwC1xDlJGlWNY4=
github.com/go-flutter-desktop/go-flutter v0.30.0/go.mod h1:NCryd/AqiRbYSd8pMzQldYkgH1tZIFGt2ToUghZcWGA=
github.com/go-gl/gl v0.0.0-20190320180904-bf2b1f2f34d7 h1:SCYMcCJ89LjRGwEa0tRluNRiMjZHalQZrVrvTbPh+qw=
github.com/go-gl/gl v0.0.0-20190320180904-bf2b1f2f34d7/go.mod h1:482civXOzJJCPzJ4ZOX/pwvXBWSnzD4OKMdH4ClKGbk=
github.com/go-gl/glfw v0.0.0-20190409004039-e6da0acd62b1 h1:QbL/5oDUmRBzO9/Z7Seo6zf912W/a6Sr4Eu0G/3Jho0=
github.com/go-gl/glfw v0.0.0-20190409004039-e6da0acd62b1/go.mod h1:vR7hzQXu2zJy9AVAgeJqvqgH9Q5CA+iKCZ2gyEVpxRU=
github.com/gopherjs/gopherjs v0.0.0-20190915194858-d3ddacdb130f h1:TyqzGm2z1h3AGhjOoRYyeLcW4WlW81MDQkWa+rx/000=
github.com/gopherjs/gopherjs v0.0.0-20190915194858-d3ddacdb130f/go.mod h1:wJfORRmW1u3UXTncJ5qlYoELFm8eSnnEO6hX4iZ3EWY=
github.com/pkg/errors v0.8.1 h1:iURUrRGxPUNPdy5/HRSm+Yj6okJ6UtLINN0Q9M4+h3I=
github.com/pkg/errors v0.8.1/go.mod h1:bwawxfHBFNV+L2hUp1rHADufV3IMtnDRdf1r5NINEl0=
github.com/pmezard/go-difflib v1.0.0/go.mod h1:iKH77koFhYxTK1pcRnkKkqfTogsbg7gZNVY4sRDYZ/4=
github.com/stretchr/objx v0.1.0/go.mod h1:HFkY916IF+rwdDfMAkV7OtwuqBVzrE8GR6GFx+wExME=
github.com/stretchr/testify v1.4.0/go.mod h1:j7eGeouHqKxXV5pUuKE4zz7dFj8WfuZ+81PSLYec5m4=
gitlab.com/gomidi/midi v1.16.4 h1:Cl2HrJh+ww7ivNlxyKbhEI7q3j9nqv7y/FF+8KFwz3s=
gitlab.com/gomidi/midi v1.16.4/go.mod h1:3ohtNOhqoSakkuLG/Li1OI6I3J1c2LErnJF5o/VBq1c=
gitlab.com/gomidi/rtmididrv v0.10.1 h1:BgqhFpBgythJqFbiR8QtL3CER1nh26YCUPFGVidS9gk=
gitlab.com/gomidi/rtmididrv v0.10.1/go.mod h1:sBxBDsJKVhinLt+kk7fj6WfKRCmnFzFSkFY1chDNLbw=
gitlab.com/gomidi/rtmididrv/imported/rtmidi v0.0.0-20191025100939-514fe0ed97a6 h1:0XqAH/BAxH5TTBzIWkdlZqpp6VUx6DFcQnMWW6G6hIc=
gitlab.com/gomidi/rtmididrv/imported/rtmidi v0.0.0-20191025100939-514fe0ed97a6/go.mod h1:FYVFN2H23IsX56VntiDF9DgCIekHh359wW+iMl1W8rQ=
gopkg.in/check.v1 v0.0.0-20161208181325-20d25e280405/go.mod h1:Co6ibVJAznAaIkqp8huTwlJQCZ016jof/cbN4VW5Yz0=
gopkg.in/yaml.v2 v2.2.2/go.mod h1:hI93XBmqTisBFMUTm0b8Fm+jr3Dg1NNxqwp+5A1VGuI=
